Microsoft Visual Studio Solution File, Format Version 11.00
# Visual Studio 2008

Project("{4EEBCD22-5C7A-14EF-CB43-00D68E2DD32D}") = "Blockbuster_c", "Assembly-CSharp.csproj", "{D7CF0BF2-12EE-5055-D5C5-B4DA7AD39BD8}"
EndProject
Project("{4EEBCD22-5C7A-14EF-CB43-00D68E2DD32D}") = "Blockbuster_c", "Assembly-CSharp-Editor.csproj", "{270A7151-6D39-15CC-0787-232569530C00}"
EndProject
Project("{4EEBCD22-5C7A-14EF-CB43-00D68E2DD32D}") = "Blockbuster_c", "Assembly-UnityScript.unityproj", "{AEBE7265-7D6D-3FE1-3C5F-8476CC5DD4E7}"
EndProject
Global
	GlobalSection(SolutionConfigurationPlatforms) = preSolution
		Debug|Any CPU = Debug|Any CPU
		Release|Any CPU = Release|Any CPU
	EndGlobalSection
	GlobalSection(ProjectConfigurationPlatforms) = postSolution
		{D7CF0BF2-12EE-5055-D5C5-B4DA7AD39BD8}.Debug|Any CPU.ActiveCfg = Debug|Any CPU
		{D7CF0BF2-12EE-5055-D5C5-B4DA7AD39BD8}.Debug|Any CPU.Build.0 = Debug|Any CPU
		{D7CF0BF2-12EE-5055-D5C5-B4DA7AD39BD8}.Release|Any CPU.ActiveCfg = Release|Any CPU
		{D7CF0BF2-12EE-5055-D5C5-B4DA7AD39BD8}.Release|Any CPU.Build.0 = Release|Any CPU
		{270A7151-6D39-15CC-0787-232569530C00}.Debug|Any CPU.ActiveCfg = Debug|Any CPU
		{270A7151-6D39-15CC-0787-232569530C00}.Debug|Any CPU.Build.0 = Debug|Any CPU
		{270A7151-6D39-15CC-0787-232569530C00}.Release|Any CPU.ActiveCfg = Release|Any CPU
		{270A7151-6D39-15CC-0787-232569530C00}.Release|Any CPU.Build.0 = Release|Any CPU
		{AEBE7265-7D6D-3FE1-3C5F-8476CC5DD4E7}.Debug|Any CPU.ActiveCfg = Debug|Any CPU
		{AEBE7265-7D6D-3FE1-3C5F-8476CC5DD4E7}.Debug|Any CPU.Build.0 = Debug|Any CPU
		{AEBE7265-7D6D-3FE1-3C5F-8476CC5DD4E7}.Release|Any CPU.ActiveCfg = Release|Any CPU
		{AEBE7265-7D6D-3FE1-3C5F-8476CC5DD4E7}.Release|Any CPU.Build.0 = Release|Any CPU
	EndGlobalSection
	GlobalSection(SolutionProperties) = preSolution
		HideSolutionNode = FALSE
	EndGlobalSection
																										GlobalSection(MonoDevelopProperties) = preSolution
		StartupItem = Assembly-CSharp.csproj
		Policies = $0
		$0.TextStylePolicy = $1
		$1.inheritsSet = null
		$1.scope = text/x-csharp
		$0.CSharpFormattingPolicy = $2
		$2.inheritsSet = Mono
		$2.inheritsScope = text/x-csharp
		$2.scope = text/x-csharp
		$0.TextStylePolicy = $3
		$3.FileWidth = 120
		$3.TabWidth = 4
		$3.EolMarker = Unix
		$3.inheritsSet = Mono
		$3.inheritsScope = text/plain
		$3.scope = text/plain
	EndGlobalSection

EndGlobal
